// !$*UTF8*$!
{
	archiveVersion = 1;
	classes = {
	};
	objectVersion = 50;
	objects = {

/* Begin PBXBuildFile section */
		52619E8223CE83D0005B76AC /* AppDelegate.swift in Sources */ = {isa = PBXBuildFile; fileRef = 52619E8123CE83D0005B76AC /* AppDelegate.swift */; };
		52619E8423CE83D0005B76AC /* SceneDelegate.swift in Sources */ = {isa = PBXBuildFile; fileRef = 52619E8323CE83D0005B76AC /* SceneDelegate.swift */; };
		52619E8623CE83D0005B76AC /* ViewController.swift in Sources */ = {isa = PBXBuildFile; fileRef = 52619E8523CE83D0005B76AC /* ViewController.swift */; };
		52619E8923CE83D0005B76AC /* Main.storyboard in Resources */ = {isa = PBXBuildFile; fileRef = 52619E8723CE83D0005B76AC /* Main.storyboard */; };
		52619E8B23CE83D1005B76AC /* Assets.xcassets in Resources */ = {isa = PBXBuildFile; fileRef = 52619E8A23CE83D1005B76AC /* Assets.xcassets */; };
		52619E8E23CE83D1005B76AC /* LaunchScreen.storyboard in Resources */ = {isa = PBXBuildFile; fileRef = 52619E8C23CE83D1005B76AC /* LaunchScreen.storyboard */; };
		52619E9923CE83D1005B76AC /* TippyTests.swift in Sources */ = {isa = PBXBuildFile; fileRef = 52619E9823CE83D1005B76AC /* TippyTests.swift */; };
		52619EA423CE83D1005B76AC /* TippyUITests.swift in Sources */ = {isa = PBXBuildFile; fileRef = 52619EA323CE83D1005B76AC /* TippyUITests.swift */; };
/* End PBXBuildFile section */

/* Begin PBXContainerItemProxy section */
		52619E9523CE83D1005B76AC /* PBXContainerItemProxy */ = {
			isa = PBXContainerItemProxy;
			containerPortal = 52619E7623CE83D0005B76AC /* Project object */;
			proxyType = 1;
			remoteGlobalIDString = 52619E7D23CE83D0005B76AC;
			remoteInfo = Tippy;
		};
		52619EA023CE83D1005B76AC /* PBXContainerItemProxy */ = {
			isa = PBXContainerItemProxy;
			containerPortal = 52619E7623CE83D0005B76AC /* Project object */;
			proxyType = 1;
			remoteGlobalIDString = 52619E7D23CE83D0005B76AC;
			remoteInfo = Tippy;
		};
/* End PBXContainerItemProxy section */

/* Begin PBXFileReference section */
		52619E7E23CE83D0005B76AC /* Tippy.app */ = {isa = PBXFileReference; explicitFileType = wrapper.application; includeInIndex = 0; path = Tippy.app; sourceTree = BUILT_PRODUCTS_DIR; };
		52619E8123CE83D0005B76AC /* AppDelegate.swift */ = {isa = PBXFileReference; lastKnownFileType = sourcecode.swift; path = AppDelegate.swift; sourceTree = "<group>"; };
		52619E8323CE83D0005B76AC /* SceneDelegate.swift */ = {isa = PBXFileReference; lastKnownFileType = sourcecode.swift; path = SceneDelegate.swift; sourceTree = "<group>"; };
		52619E8523CE83D0005B76AC /* ViewController.swift */ = {isa = PBXFileReference; lastKnownFileType = sourcecode.swift; path = ViewController.swift; sourceTree = "<group>"; };
		52619E8823CE83D0005B76AC /* Base */ = {isa = PBXFileReference; lastKnownFileType = file.storyboard; name = Base; path = Base.lproj/Main.storyboard; sourceTree = "<group>"; };
		52619E8A23CE83D1005B76AC /* Assets.xcassets */ = {isa = PBXFileReference; lastKnownFileType = folder.assetcatalog; path = Assets.xcassets; sourceTree = "<group>"; };
		52619E8D23CE83D1005B76AC /* Base */ = {isa = PBXFileReference; lastKnownFileType = file.storyboard; name = Base; path = Base.lproj/LaunchScreen.storyboard; sourceTree = "<group>"; };
		52619E8F23CE83D1005B76AC /* Info.plist */ = {isa = PBXFileReference; lastKnownFileType = text.plist.xml; path = Info.plist; sourceTree = "<group>"; };
		52619E9423CE83D1005B76AC /* TippyTests.xctest */ = {isa = PBXFileReference; explicitFileType = wrapper.cfbundle; includeInIndex = 0; path = TippyTests.xctest; sourceTree = BUILT_PRODUCTS_DIR; };
		52619E9823CE83D1005B76AC /* TippyTests.swift */ = {isa = PBXFileReference; lastKnownFileType = sourcecode.swift; path = TippyTests.swift; sourceTree = "<group>"; };
		52619E9A23CE83D1005B76AC /* Info.plist */ = {isa = PBXFileReference; lastKnownFileType = text.plist.xml; path = Info.plist; sourceTree = "<group>"; };
		52619E9F23CE83D1005B76AC /* TippyUITests.xctest */ = {isa = PBXFileReference; explicitFileType = wrapper.cfbundle; includeInIndex = 0; path = TippyUITests.xctest; sourceTree = BUILT_PRODUCTS_DIR; };
		52619EA323CE83D1005B76AC /* TippyUITests.swift */ = {isa = PBXFileReference; lastKnownFileType = sourcecode.swift; path = TippyUITests.swift; sourceTree = "<group>"; };
		52619EA523CE83D1005B76AC /* Info.plist */ = {isa = PBXFileReference; lastKnownFileType = text.plist.xml; path = Info.plist; sourceTree = "<group>"; };
/* End PBXFileReference section */

/* Begin PBXFrameworksBuildPhase section */
		52619E7B23CE83D0005B76AC /* Frameworks */ = {
			isa = PBXFrameworksBuildPhase;
			buildActionMask = 2147483647;
			files = (
			);
			runOnlyForDeploymentPostprocessing = 0;
		};
		52619E9123CE83D1005B76AC /* Frameworks */ = {
			isa = PBXFrameworksBuildPhase;
			buildActionMask = 2147483647;
			files = (
			);
			runOnlyForDeploymentPostprocessing = 0;
		};
		52619E9C23CE83D1005B76AC /* Frameworks */ = {
			isa = PBXFrameworksBuildPhase;
			buildActionMask = 2147483647;
			files = (
			);
			runOnlyForDeploymentPostprocessing = 0;
		};
/* End PBXFrameworksBuildPhase section */

/* Begin PBXGroup section */
		52619E7523CE83D0005B76AC = {
			isa = PBXGroup;
			children = (
				52619E8023CE83D0005B76AC /* Tippy */,
				52619E9723CE83D1005B76AC /* TippyTests */,
				52619EA223CE83D1005B76AC /* TippyUITests */,
				52619E7F23CE83D0005B76AC /* Products */,
			);
			sourceTree = "<group>";
		};
		52619E7F23CE83D0005B76AC /* Products */ = {
			isa = PBXGroup;
			children = (
				52619E7E23CE83D0005B76AC /* Tippy.app */,
				52619E9423CE83D1005B76AC /* TippyTests.xctest */,
				52619E9F23CE83D1005B76AC /* TippyUITests.xctest */,
			);
			name = Products;
			sourceTree = "<group>";
		};
		52619E8023CE83D0005B76AC /* Tippy */ = {
			isa = PBXGroup;
			children = (
				52619E8123CE83D0005B76AC /* AppDelegate.swift */,
				52619E8323CE83D0005B76AC /* SceneDelegate.swift */,
				52619E8523CE83D0005B76AC /* ViewController.swift */,
				52619E8723CE83D0005B76AC /* Main.storyboard */,
				52619E8A23CE83D1005B76AC /* Assets.xcassets */,
				52619E8C23CE83D1005B76AC /* LaunchScreen.storyboard */,
				52619E8F23CE83D1005B76AC /* Info.plist */,
			);
			path = Tippy;
			sourceTree = "<group>";
		};
		52619E9723CE83D1005B76AC /* TippyTests */ = {
			isa = PBXGroup;
			children = (
				52619E9823CE83D1005B76AC /* TippyTests.swift */,
				52619E9A23CE83D1005B76AC /* Info.plist */,
			);
			path = TippyTests;
			sourceTree = "<group>";
		};
		52619EA223CE83D1005B76AC /* TippyUITests */ = {
			isa = PBXGroup;
			children = (
				52619EA323CE83D1005B76AC /* TippyUITests.swift */,
				52619EA523CE83D1005B76AC /* Info.plist */,
			);
			path = TippyUITests;
			sourceTree = "<group>";
		};
/* End PBXGroup section */

/* Begin PBXNativeTarget section */
		52619E7D23CE83D0005B76AC /* Tippy */ = {
			isa = PBXNativeTarget;
			buildConfigurationList = 52619EA823CE83D1005B76AC /* Build configuration list for PBXNativeTarget "Tippy" */;
			buildPhases = (
				52619E7A23CE83D0005B76AC /* Sources */,
				52619E7B23CE83D0005B76AC /* Frameworks */,
				52619E7C23CE83D0005B76AC /* Resources */,
			);
			buildRules = (
			);
			dependencies = (
			);
			name = Tippy;
			productName = Tippy;
			productReference = 52619E7E23CE83D0005B76AC /* Tippy.app */;
			productType = "com.apple.product-type.application";
		};
		52619E9323CE83D1005B76AC /* TippyTests */ = {
			isa = PBXNativeTarget;
			buildConfigurationList = 52619EAB23CE83D1005B76AC /* Build configuration list for PBXNativeTarget "TippyTests" */;
			buildPhases = (
				52619E9023CE83D1005B76AC /* Sources */,
				52619E9123CE83D1005B76AC /* Frameworks */,
				52619E9223CE83D1005B76AC /* Resources */,
			);
			buildRules = (
			);
			dependencies = (
				52619E9623CE83D1005B76AC /* PBXTargetDependency */,
			);
			name = TippyTests;
			productName = TippyTests;
			productReference = 52619E9423CE83D1005B76AC /* TippyTests.xctest */;
			productType = "com.apple.product-type.bundle.unit-test";
		};
		52619E9E23CE83D1005B76AC /* TippyUITests */ = {
			isa = PBXNativeTarget;
			buildConfigurationList = 52619EAE23CE83D1005B76AC /* Build configuration list for PBXNativeTarget "TippyUITests" */;
			buildPhases = (
				52619E9B23CE83D1005B76AC /* Sources */,
				52619E9C23CE83D1005B76AC /* Frameworks */,
				52619E9D23CE83D1005B76AC /* Resources */,
			);
			buildRules = (
			);
			dependencies = (
				52619EA123CE83D1005B76AC /* PBXTargetDependency */,
			);
			name = TippyUITests;
			productName = TippyUITests;
			productReference = 52619E9F23CE83D1005B76AC /* TippyUITests.xctest */;
			productType = "com.apple.product-type.bundle.ui-testing";
		};
/* End PBXNativeTarget section */

/* Begin PBXProject section */
		52619E7623CE83D0005B76AC /* Project object */ = {
			isa = PBXProject;
			attributes = {
				LastSwiftUpdateCheck = 1130;
				LastUpgradeCheck = 1130;
				ORGANIZATIONNAME = "Lily He";
				TargetAttributes = {
					52619E7D23CE83D0005B76AC = {
						CreatedOnToolsVersion = 11.3;
					};
					52619E9323CE83D1005B76AC = {
						CreatedOnToolsVersion = 11.3;
						TestTargetID = 52619E7D23CE83D0005B76AC;
					};
					52619E9E23CE83D1005B76AC = {
						CreatedOnToolsVersion = 11.3;
						TestTargetID = 52619E7D23CE83D0005B76AC;
					};
				};
			};
			buildConfigurationList = 52619E7923CE83D0005B76AC /* Build configuration list for PBXProject "Tippy" */;
			compatibilityVersion = "Xcode 9.3";
			developmentRegion = en;
			hasScannedForEncodings = 0;
			knownRegions = (
				en,
				Base,
			);
			mainGroup = 52619E7523CE83D0005B76AC;
			productRefGroup = 52619E7F23CE83D0005B76AC /* Products */;
			projectDirPath = "";
			projectRoot = "";
			targets = (
				52619E7D23CE83D0005B76AC /* Tippy */,
				52619E9323CE83D1005B76AC /* TippyTests */,
				52619E9E23CE83D1005B76AC /* TippyUITests */,
			);
		};
/* End PBXProject section */

/* Begin PBXResourcesBuildPhase section */
		52619E7C23CE83D0005B76AC /* Resources */ = {
			isa = PBXResourcesBuildPhase;
			buildActionMask = 2147483647;
			files = (
				52619E8E23CE83D1005B76AC /* LaunchScreen.storyboard in Resources */,
				52619E8B23CE83D1005B76AC /* Assets.xcassets in Resources */,
				52619E8923CE83D0005B76AC /* Main.storyboard in Resources */,
			);
			runOnlyForDeploymentPostprocessing = 0;
		};
		52619E9223CE83D1005B76AC /* Resources */ = {
			isa = PBXResourcesBuildPhase;
			buildActionMask = 2147483647;
			files = (
			);
			runOnlyForDeploymentPostprocessing = 0;
		};
		52619E9D23CE83D1005B76AC /* Resources */ = {
			isa = PBXResourcesBuildPhase;
			buildActionMask = 2147483647;
			files = (
			);
			runOnlyForDeploymentPostprocessing = 0;
		};
/* End PBXResourcesBuildPhase section */

/* Begin PBXSourcesBuildPhase section */
		52619E7A23CE83D0005B76AC /* Sources */ = {
			isa = PBXSourcesBuildPhase;
			buildActionMask = 2147483647;
			files = (
				52619E8623CE83D0005B76AC /* ViewController.swift in Sources */,
				52619E8223CE83D0005B76AC /* AppDelegate.swift in Sources */,
				52619E8423CE83D0005B76AC /* SceneDelegate.swift in Sources */,
			);
			runOnlyForDeploymentPostprocessing = 0;
		};
		52619E9023CE83D1005B76AC /* Sources */ = {
			isa = PBXSourcesBuildPhase;
			buildActionMask = 2147483647;
			files = (
				52619E9923CE83D1005B76AC /* TippyTests.swift in Sources */,
			);
			runOnlyForDeploymentPostprocessing = 0;
		};
		52619E9B23CE83D1005B76AC /* Sources */ = {
			isa = PBXSourcesBuildPhase;
			buildActionMask = 2147483647;
			files = (
				52619EA423CE83D1005B76AC /* TippyUITests.swift in Sources */,
			);
			runOnlyForDeploymentPostprocessing = 0;
		};
/* End PBXSourcesBuildPhase section */

/* Begin PBXTargetDependency section */
		52619E9623CE83D1005B76AC /* PBXTargetDependency */ = {
			isa = PBXTargetDependency;
			target = 52619E7D23CE83D0005B76AC /* Tippy */;
			targetProxy = 52619E9523CE83D1005B76AC /* PBXContainerItemProxy */;
		};
		52619EA123CE83D1005B76AC /* PBXTargetDependency */ = {
			isa = PBXTargetDependency;
			target = 52619E7D23CE83D0005B76AC /* Tippy */;
			targetProxy = 52619EA023CE83D1005B76AC /* PBXContainerItemProxy */;
		};
/* End PBXTargetDependency section */

/* Begin PBXVariantGroup section */
		52619E8723CE83D0005B76AC /* Main.storyboard */ = {
			isa = PBXVariantGroup;
			children = (
				52619E8823CE83D0005B76AC /* Base */,
			);
			name = Main.storyboard;
			sourceTree = "<group>";
		};
		52619E8C23CE83D1005B76AC /* LaunchScreen.storyboard */ = {
			isa = PBXVariantGroup;
			children = (
				52619E8D23CE83D1005B76AC /* Base */,
			);
			name = LaunchScreen.storyboard;
			sourceTree = "<group>";
		};
/* End PBXVariantGroup section */

/* Begin XCBuildConfiguration section */
		52619EA623CE83D1005B76AC /* Debug */ = {
			isa = XCBuildConfiguration;
			buildSettings = {
				ALWAYS_SEARCH_USER_PATHS = NO;
				CLANG_ANALYZER_NONNULL = YES;
				CLANG_ANALYZER_NUMBER_OBJECT_CONVERSION = YES_AGGRESSIVE;
				CLANG_CXX_LANGUAGE_STANDARD = "gnu++14";
				CLANG_CXX_LIBRARY = "libc++";
				CLANG_ENABLE_MODULES = YES;
				CLANG_ENABLE_OBJC_ARC = YES;
				CLANG_ENABLE_OBJC_WEAK = YES;
				CLANG_WARN_BLOCK_CAPTURE_AUTORELEASING = YES;
				CLANG_WARN_BOOL_CONVERSION = YES;
				CLANG_WARN_COMMA = YES;
				CLANG_WARN_CONSTANT_CONVERSION = YES;
				CLANG_WARN_DEPRECATED_OBJC_IMPLEMENTATIONS = YES;
				CLANG_WARN_DIRECT_OBJC_ISA_USAGE = YES_ERROR;
				CLANG_WARN_DOCUMENTATION_COMMENTS = YES;
				CLANG_WARN_EMPTY_BODY = YES;
				CLANG_WARN_ENUM_CONVERSION = YES;
				CLANG_WARN_INFINITE_RECURSION = YES;
				CLANG_WARN_INT_CONVERSION = YES;
				CLANG_WARN_NON_LITERAL_NULL_CONVERSION = YES;
				CLANG_WARN_OBJC_IMPLICIT_RETAIN_SELF = YES;
				CLANG_WARN_OBJC_LITERAL_CONVERSION = YES;
				CLANG_WARN_OBJC_ROOT_CLASS = YES_ERROR;
				CLANG_WARN_RANGE_LOOP_ANALYSIS = YES;
				CLANG_WARN_STRICT_PROTOTYPES = YES;
				CLANG_WARN_SUSPICIOUS_MOVE = YES;
				CLANG_WARN_UNGUARDED_AVAILABILITY = YES_AGGRESSIVE;
				CLANG_WARN_UNREACHABLE_CODE = YES;
				CLANG_WARN__DUPLICATE_METHOD_MATCH = YES;
				COPY_PHASE_STRIP = NO;
				DEBUG_INFORMATION_FORMAT = dwarf;
				ENABLE_STRICT_OBJC_MSGSEND = YES;
				ENABLE_TESTABILITY = YES;
				GCC_C_LANGUAGE_STANDARD = gnu11;
				GCC_DYNAMIC_NO_PIC = NO;
				GCC_NO_COMMON_BLOCKS = YES;
				GCC_OPTIMIZATION_LEVEL = 0;
				GCC_PREPROCESSOR_DEFINITIONS = (
					"DEBUG=1",
					"$(inherited)",
				);
				GCC_WARN_64_TO_32_BIT_CONVERSION = YES;
				GCC_WARN_ABOUT_RETURN_TYPE = YES_ERROR;
				GCC_WARN_UNDECLARED_SELECTOR = YES;
				GCC_WARN_UNINITIALIZED_AUTOS = YES_AGGRESSIVE;
				GCC_WARN_UNUSED_FUNCTION = YES;
				GCC_WARN_UNUSED_VARIABLE = YES;
				IPHONEOS_DEPLOYMENT_TARGET = 13.2;
				MTL_ENABLE_DEBUG_INFO = INCLUDE_SOURCE;
				MTL_FAST_MATH = YES;
				ONLY_ACTIVE_ARCH = YES;
				SDKROOT = iphoneos;
				SWIFT_ACTIVE_COMPILATION_CONDITIONS = DEBUG;
				SWIFT_OPTIMIZATION_LEVEL = "-Onone";
			};
			name = Debug;
		};
		52619EA723CE83D1005B76AC /* Release */ = {
			isa = XCBuildConfiguration;
			buildSettings = {
				ALWAYS_SEARCH_USER_PATHS = NO;
				CLANG_ANALYZER_NONNULL = YES;
				CLANG_ANALYZER_NUMBER_OBJECT_CONVERSION = YES_AGGRESSIVE;
				CLANG_CXX_LANGUAGE_STANDARD = "gnu++14";
				CLANG_CXX_LIBRARY = "libc++";
				CLANG_ENABLE_MODULES = YES;
				CLANG_ENABLE_OBJC_ARC = YES;
				CLANG_ENABLE_OBJC_WEAK = YES;
				CLANG_WARN_BLOCK_CAPTURE_AUTORELEASING = YES;
				CLANG_WARN_BOOL_CONVERSION = YES;
				CLANG_WARN_COMMA = YES;
				CLANG_WARN_CONSTANT_CONVERSION = YES;
				CLANG_WARN_DEPRECATED_OBJC_IMPLEMENTATIONS = YES;
				CLANG_WARN_DIRECT_OBJC_ISA_USAGE = YES_ERROR;
				CLANG_WARN_DOCUMENTATION_COMMENTS = YES;
				CLANG_WARN_EMPTY_BODY = YES;
				CLANG_WARN_ENUM_CONVERSION = YES;
				CLANG_WARN_INFINITE_RECURSION = YES;
				CLANG_WARN_INT_CONVERSION = YES;
				CLANG_WARN_NON_LITERAL_NULL_CONVERSION = YES;
				CLANG_WARN_OBJC_IMPLICIT_RETAIN_SELF = YES;
				CLANG_WARN_OBJC_LITERAL_CONVERSION = YES;
				CLANG_WARN_OBJC_ROOT_CLASS = YES_ERROR;
				CLANG_WARN_RANGE_LOOP_ANALYSIS = YES;
				CLANG_WARN_STRICT_PROTOTYPES = YES;
				CLANG_WARN_SUSPICIOUS_MOVE = YES;
				CLANG_WARN_UNGUARDED_AVAILABILITY = YES_AGGRESSIVE;
				CLANG_WARN_UNREACHABLE_CODE = YES;
				CLANG_WARN__DUPLICATE_METHOD_MATCH = YES;
				COPY_PHASE_STRIP = NO;
				DEBUG_INFORMATION_FORMAT = "dwarf-with-dsym";
				ENABLE_NS_ASSERTIONS = NO;
				ENABLE_STRICT_OBJC_MSGSEND = YES;
				GCC_C_LANGUAGE_STANDARD = gnu11;
				GCC_NO_COMMON_BLOCKS = YES;
				GCC_WARN_64_TO_32_BIT_CONVERSION = YES;
				GCC_WARN_ABOUT_RETURN_TYPE = YES_ERROR;
				GCC_WARN_UNDECLARED_SELECTOR = YES;
				GCC_WARN_UNINITIALIZED_AUTOS = YES_AGGRESSIVE;
				GCC_WARN_UNUSED_FUNCTION = YES;
				GCC_WARN_UNUSED_VARIABLE = YES;
				IPHONEOS_DEPLOYMENT_TARGET = 13.2;
				MTL_ENABLE_DEBUG_INFO = NO;
				MTL_FAST_MATH = YES;
				SDKROOT = iphoneos;
				SWIFT_COMPILATION_MODE = wholemodule;
				SWIFT_OPTIMIZATION_LEVEL = "-O";
				VALIDATE_PRODUCT = YES;
			};
			name = Release;
		};
		52619EA923CE83D1005B76AC /* Debug */ = {
			isa = XCBuildConfiguration;
			buildSettings = {
				ASSETCATALOG_COMPILER_APPICON_NAME = AppIcon;
				CODE_SIGN_STYLE = Automatic;
				INFOPLIST_FILE = Tippy/Info.plist;
				LD_RUNPATH_SEARCH_PATHS = (
					"$(inherited)",
					"@executable_path/Frameworks",
				);
				PRODUCT_BUNDLE_IDENTIFIER = "-.Tippy";
				PRODUCT_NAME = "$(TARGET_NAME)";
				SWIFT_VERSION = 5.0;
				TARGETED_DEVICE_FAMILY = "1,2";
			};
			name = Debug;
		};
		52619EAA23CE83D1005B76AC /* Release */ = {
			isa = XCBuildConfiguration;
			buildSettings = {
				ASSETCATALOG_COMPILER_APPICON_NAME = AppIcon;
				CODE_SIGN_STYLE = Automatic;
				INFOPLIST_FILE = Tippy/Info.plist;
				LD_RUNPATH_SEARCH_PATHS = (
					"$(inherited)",
					"@executable_path/Frameworks",
				);
				PRODUCT_BUNDLE_IDENTIFIER = "-.Tippy";
				PRODUCT_NAME = "$(TARGET_NAME)";
				SWIFT_VERSION = 5.0;
				TARGETED_DEVICE_FAMILY = "1,2";
			};
			name = Release;
		};
		52619EAC23CE83D1005B76AC /* Debug */ = {
			isa = XCBuildConfiguration;
			buildSettings = {
				ALWAYS_EMBED_SWIFT_STANDARD_LIBRARIES = YES;
				BUNDLE_LOADER = "$(TEST_HOST)";
				CODE_SIGN_STYLE = Automatic;
				INFOPLIST_FILE = TippyTests/Info.plist;
				IPHONEOS_DEPLOYMENT_TARGET = 13.2;
				LD_RUNPATH_SEARCH_PATHS = (
					"$(inherited)",
					"@executable_path/Frameworks",
					"@loader_path/Frameworks",
				);
				PRODUCT_BUNDLE_IDENTIFIER = "-.TippyTests";
				PRODUCT_NAME = "$(TARGET_NAME)";
				SWIFT_VERSION = 5.0;
				TARGETED_DEVICE_FAMILY = "1,2";
				TEST_HOST = "$(BUILT_PRODUCTS_DIR)/Tippy.app/Tippy";
			};
			name = Debug;
		};
		52619EAD23CE83D1005B76AC /* Release */ = {
			isa = XCBuildConfiguration;
			buildSettings = {
				ALWAYS_EMBED_SWIFT_STANDARD_LIBRARIES = YES;
				BUNDLE_LOADER = "$(TEST_HOST)";
				CODE_SIGN_STYLE = Automatic;
				INFOPLIST_FILE = TippyTests/Info.plist;
				IPHONEOS_DEPLOYMENT_TARGET = 13.2;
				LD_RUNPATH_SEARCH_PATHS = (
					"$(inherited)",
					"@executable_path/Frameworks",
					"@loader_path/Frameworks",
				);
				PRODUCT_BUNDLE_IDENTIFIER = "-.TippyTests";
				PRODUCT_NAME = "$(TARGET_NAME)";
				SWIFT_VERSION = 5.0;
				TARGETED_DEVICE_FAMILY = "1,2";
				TEST_HOST = "$(BUILT_PRODUCTS_DIR)/Tippy.app/Tippy";
			};
			name = Release;
		};
		52619EAF23CE83D1005B76AC /* Debug */ = {
			isa = XCBuildConfiguration;
			buildSettings = {
				ALWAYS_EMBED_SWIFT_STANDARD_LIBRARIES = YES;
				CODE_SIGN_STYLE = Automatic;
				INFOPLIST_FILE = TippyUITests/Info.plist;
				LD_RUNPATH_SEARCH_PATHS = (
					"$(inherited)",
					"@executable_path/Frameworks",
					"@loader_path/Frameworks",
				);
				PRODUCT_BUNDLE_IDENTIFIER = "-.TippyUITests";
				PRODUCT_NAME = "$(TARGET_NAME)";
				SWIFT_VERSION = 5.0;
				TARGETED_DEVICE_FAMILY = "1,2";
				TEST_TARGET_NAME = Tippy;
			};
			name = Debug;
		};
		52619EB023CE83D1005B76AC /* Release */ = {
			isa = XCBuildConfiguration;
			buildSettings = {
				ALWAYS_EMBED_SWIFT_STANDARD_LIBRARIES = YES;
				CODE_SIGN_STYLE = Automatic;
				INFOPLIST_FILE = TippyUITests/Info.plist;
				LD_RUNPATH_SEARCH_PATHS = (
					"$(inherited)",
					"@executable_path/Frameworks",
					"@loader_path/Frameworks",
				);
				PRODUCT_BUNDLE_IDENTIFIER = "-.TippyUITests";
				PRODUCT_NAME = "$(TARGET_NAME)";
				SWIFT_VERSION = 5.0;
				TARGETED_DEVICE_FAMILY = "1,2";
				TEST_TARGET_NAME = Tippy;
			};
			name = Release;
		};
/* End XCBuildConfiguration section */

/* Begin XCConfigurationList section */
		52619E7923CE83D0005B76AC /* Build configuration list for PBXProject "Tippy" */ = {
			isa = XCConfigurationList;
			buildConfigurations = (
				52619EA623CE83D1005B76AC /* Debug */,
				52619EA723CE83D1005B76AC /* Release */,
			);
			defaultConfigurationIsVisible = 0;
			defaultConfigurationName = Release;
		};
		52619EA823CE83D1005B76AC /* Build configuration list for PBXNativeTarget "Tippy" */ = {
			isa = XCConfigurationList;
			buildConfigurations = (
				52619EA923CE83D1005B76AC /* Debug */,
				52619EAA23CE83D1005B76AC /* Release */,
			);
			defaultConfigurationIsVisible = 0;
			defaultConfigurationName = Release;
		};
		52619EAB23CE83D1005B76AC /* Build configuration list for PBXNativeTarget "TippyTests" */ = {
			isa = XCConfigurationList;
			buildConfigurations = (
				52619EAC23CE83D1005B76AC /* Debug */,
				52619EAD23CE83D1005B76AC /* Release */,
			);
			defaultConfigurationIsVisible = 0;
			defaultConfigurationName = Release;
		};
		52619EAE23CE83D1005B76AC /* Build configuration list for PBXNativeTarget "TippyUITests" */ = {
			isa = XCConfigurationList;
			buildConfigurations = (
				52619EAF23CE83D1005B76AC /* Debug */,
				52619EB023CE83D1005B76AC /* Release */,
			);
			defaultConfigurationIsVisible = 0;
			defaultConfigurationName = Release;
		};
/* End XCConfigurationList section */
	};
	rootObject = 52619E7623CE83D0005B76AC /* Project object */;
}
